
Microsoft Visual Studio Solution File, Format Version 12.00
# Visual Studio Version 17
VisualStudioVersion = 17.3.32611.2
MinimumVisualStudioVersion = 10.0.40219.1
Project("{9A19103F-16F7-4668-BE54-9A1E7A4F7556}") = "izolabella.LoFi.App", "izolabella.LoFi.App.csproj", "{EB8DA9CD-489D-4286-BAC6-26D335B4EAB3}"
EndProject
Project("{9A19103F-16F7-4668-BE54-9A1E7A4F7556}") = "izolabella.Music", "..\izolabella.Music\izolabella.Music.csproj", "{761004C1-65C1-497F-9FA2-CB14F753EEFE}"
EndProject
Global
	GlobalSection(SolutionConfigurationPlatforms) = preSolution
		Debug|Any CPU = Debug|Any CPU
		Release|Any CPU = Release|Any CPU
	EndGlobalSection
	GlobalSection(ProjectConfigurationPlatforms) = postSolution
		{EB8DA9CD-489D-4286-BAC6-26D335B4EAB3}.Debug|Any CPU.ActiveCfg = Debug|Any CPU
		{EB8DA9CD-489D-4286-BAC6-26D335B4EAB3}.Debug|Any CPU.Build.0 = Debug|Any CPU
		{EB8DA9CD-489D-4286-BAC6-26D335B4EAB3}.Debug|Any CPU.Deploy.0 = Debug|Any CPU
		{EB8DA9CD-489D-4286-BAC6-26D335B4EAB3}.Release|Any CPU.ActiveCfg = Release|Any CPU
		{EB8DA9CD-489D-4286-BAC6-26D335B4EAB3}.Release|Any CPU.Build.0 = Release|Any CPU
		{EB8DA9CD-489D-4286-BAC6-26D335B4EAB3}.Release|Any CPU.Deploy.0 = Release|Any CPU
		{761004C1-65C1-497F-9FA2-CB14F753EEFE}.Debug|Any CPU.ActiveCfg = Debug|Any CPU
		{761004C1-65C1-497F-9FA2-CB14F753EEFE}.Debug|Any CPU.Build.0 = Debug|Any CPU
		{761004C1-65C1-497F-9FA2-CB14F753EEFE}.Release|Any CPU.ActiveCfg = Release|Any CPU
		{761004C1-65C1-497F-9FA2-CB14F753EEFE}.Release|Any CPU.Build.0 = Release|Any CPU
	EndGlobalSection
	GlobalSection(SolutionProperties) = preSolution
		HideSolutionNode = FALSE
	EndGlobalSection
	GlobalSection(ExtensibilityGlobals) = postSolution
		SolutionGuid = {D79E8B80-B038-4F53-92F3-EC333205A609}
	EndGlobalSection
EndGlobal
